
Microsoft Visual Studio Solution File, Format Version 12.00
# Visual Studio Version 17
VisualStudioVersion = 17.10.35013.160
MinimumVisualStudioVersion = 10.0.40219.1
Project("{9A19103F-16F7-4668-BE54-9A1E7A4F7556}") = "WhiteLagoon.Web", "WhiteLagoon.Web\WhiteLagoon.Web.csproj", "{9F038318-14B7-4B2C-8EE9-950D27BEFF92}"
EndProject
Project("{9A19103F-16F7-4668-BE54-9A1E7A4F7556}") = "WhiteLagoon.domain", "WhiteLagoon.domain\WhiteLagoon.domain.csproj", "{34A389C8-B080-4834-8AC8-14AD5195959B}"
EndProject
Project("{9A19103F-16F7-4668-BE54-9A1E7A4F7556}") = "WhiteLagoon.Infrastructure", "WhiteLagoon.Infrastructure\WhiteLagoon.Infrastructure.csproj", "{572C8352-7C09-4659-91BD-86EC64515614}"
EndProject
Project("{FAE04EC0-301F-11D3-BF4B-00C04F79EFBC}") = "WhiteLagoon.Application", "WhiteLagoon.Application\WhiteLagoon.Application.csproj", "{03E8F994-482F-40E2-A1B6-9B6302610611}"
EndProject
Global
	GlobalSection(SolutionConfigurationPlatforms) = preSolution
		Debug|Any CPU = Debug|Any CPU
		Release|Any CPU = Release|Any CPU
	EndGlobalSection
	GlobalSection(ProjectConfigurationPlatforms) = postSolution
		{9F038318-14B7-4B2C-8EE9-950D27BEFF92}.Debug|Any CPU.ActiveCfg = Debug|Any CPU
		{9F038318-14B7-4B2C-8EE9-950D27BEFF92}.Debug|Any CPU.Build.0 = Debug|Any CPU
		{9F038318-14B7-4B2C-8EE9-950D27BEFF92}.Release|Any CPU.ActiveCfg = Release|Any CPU
		{9F038318-14B7-4B2C-8EE9-950D27BEFF92}.Release|Any CPU.Build.0 = Release|Any CPU
		{34A389C8-B080-4834-8AC8-14AD5195959B}.Debug|Any CPU.ActiveCfg = Debug|Any CPU
		{34A389C8-B080-4834-8AC8-14AD5195959B}.Debug|Any CPU.Build.0 = Debug|Any CPU
		{34A389C8-B080-4834-8AC8-14AD5195959B}.Release|Any CPU.ActiveCfg = Release|Any CPU
		{34A389C8-B080-4834-8AC8-14AD5195959B}.Release|Any CPU.Build.0 = Release|Any CPU
		{572C8352-7C09-4659-91BD-86EC64515614}.Debug|Any CPU.ActiveCfg = Debug|Any CPU
		{572C8352-7C09-4659-91BD-86EC64515614}.Debug|Any CPU.Build.0 = Debug|Any CPU
		{572C8352-7C09-4659-91BD-86EC64515614}.Release|Any CPU.ActiveCfg = Release|Any CPU
		{572C8352-7C09-4659-91BD-86EC64515614}.Release|Any CPU.Build.0 = Release|Any CPU
		{03E8F994-482F-40E2-A1B6-9B6302610611}.Debug|Any CPU.ActiveCfg = Debug|Any CPU
		{03E8F994-482F-40E2-A1B6-9B6302610611}.Debug|Any CPU.Build.0 = Debug|Any CPU
		{03E8F994-482F-40E2-A1B6-9B6302610611}.Release|Any CPU.ActiveCfg = Release|Any CPU
		{03E8F994-482F-40E2-A1B6-9B6302610611}.Release|Any CPU.Build.0 = Release|Any CPU
	EndGlobalSection
	GlobalSection(SolutionProperties) = preSolution
		HideSolutionNode = FALSE
	EndGlobalSection
	GlobalSection(ExtensibilityGlobals) = postSolution
		SolutionGuid = {7D525265-46F0-4E6A-962B-DDC61C616AA2}
	EndGlobalSection
EndGlobal
